
Microsoft Visual Studio Solution File, Format Version 12.00
# Visual Studio Version 16
VisualStudioVersion = 16.0.28917.181
MinimumVisualStudioVersion = 10.0.40219.1
Project("{FAE04EC0-301F-11D3-BF4B-00C04F79EFBC}") = "Muusika", "Muusika\Muusika.csproj", "{99D985AC-B9CC-4A31-95CD-585AD7209C9A}"
EndProject
Global
	GlobalSection(SolutionConfigurationPlatforms) = preSolution
		Debug|Any CPU = Debug|Any CPU
		Release|Any CPU = Release|Any CPU
	EndGlobalSection
	GlobalSection(ProjectConfigurationPlatforms) = postSolution
		{99D985AC-B9CC-4A31-95CD-585AD7209C9A}.Debug|Any CPU.ActiveCfg = Debug|Any CPU
		{99D985AC-B9CC-4A31-95CD-585AD7209C9A}.Debug|Any CPU.Build.0 = Debug|Any CPU
		{99D985AC-B9CC-4A31-95CD-585AD7209C9A}.Debug|Any CPU.Deploy.0 = Debug|Any CPU
		{99D985AC-B9CC-4A31-95CD-585AD7209C9A}.Release|Any CPU.ActiveCfg = Release|Any CPU
		{99D985AC-B9CC-4A31-95CD-585AD7209C9A}.Release|Any CPU.Build.0 = Release|Any CPU
		{99D985AC-B9CC-4A31-95CD-585AD7209C9A}.Release|Any CPU.Deploy.0 = Release|Any CPU
	EndGlobalSection
	GlobalSection(SolutionProperties) = preSolution
		HideSolutionNode = FALSE
	EndGlobalSection
	GlobalSection(ExtensibilityGlobals) = postSolution
		SolutionGuid = {7BD6CF4E-A43B-4AB7-A46C-F2A1DD756178}
	EndGlobalSection
	GlobalSection(MonoDevelopProperties) = preSolution
		Policies = $0
		$0.DotNetNamingPolicy = $1
		$1.DirectoryNamespaceAssociation = PrefixedHierarchical
		$0.StandardHeader = $2
		$0.VersionControlPolicy = $3
	EndGlobalSection
EndGlobal
